
Microsoft Visual Studio Solution File, Format Version 12.00
Project("{FAE04EC0-301F-11D3-BF4B-00C04F79EFBC}") = "Server.Auth", "Server.Auth\Server.Auth.csproj", "{C8B12D21-4798-4E60-9E91-014BCB7497F2}"
EndProject
Global
	GlobalSection(SolutionConfigurationPlatforms) = preSolution
		Debug|Any CPU = Debug|Any CPU
		Release|Any CPU = Release|Any CPU
	EndGlobalSection
	GlobalSection(ProjectConfigurationPlatforms) = postSolution
		{C8B12D21-4798-4E60-9E91-014BCB7497F2}.Debug|Any CPU.ActiveCfg = Debug|Any CPU
		{C8B12D21-4798-4E60-9E91-014BCB7497F2}.Debug|Any CPU.Build.0 = Debug|Any CPU
		{C8B12D21-4798-4E60-9E91-014BCB7497F2}.Release|Any CPU.ActiveCfg = Release|Any CPU
		{C8B12D21-4798-4E60-9E91-014BCB7497F2}.Release|Any CPU.Build.0 = Release|Any CPU
	EndGlobalSection
EndGlobal
